
Microsoft Visual Studio Solution File, Format Version 12.00
# Visual Studio Version 16
VisualStudioVersion = 16.0.30330.147
MinimumVisualStudioVersion = 10.0.40219.1
Project("{FAE04EC0-301F-11D3-BF4B-00C04F79EFBC}") = "Second", "Second.csproj", "{97E071D9-BA09-4216-B94A-B636205C6A78}"
EndProject
Global
	GlobalSection(SolutionConfigurationPlatforms) = preSolution
		Debug|Any CPU = Debug|Any CPU
		Release|Any CPU = Release|Any CPU
	EndGlobalSection
	GlobalSection(ProjectConfigurationPlatforms) = postSolution
		{97E071D9-BA09-4216-B94A-B636205C6A78}.Debug|Any CPU.ActiveCfg = Debug|Any CPU
		{97E071D9-BA09-4216-B94A-B636205C6A78}.Debug|Any CPU.Build.0 = Debug|Any CPU
		{97E071D9-BA09-4216-B94A-B636205C6A78}.Release|Any CPU.ActiveCfg = Release|Any CPU
		{97E071D9-BA09-4216-B94A-B636205C6A78}.Release|Any CPU.Build.0 = Release|Any CPU
	EndGlobalSection
	GlobalSection(SolutionProperties) = preSolution
		HideSolutionNode = FALSE
	EndGlobalSection
	GlobalSection(ExtensibilityGlobals) = postSolution
		SolutionGuid = {E95E03AA-1C7A-47EF-9BCD-D50E6B9EC5BB}
	EndGlobalSection
EndGlobal
